{
  "pins" : [
    {
      "identity" : "bemcheckbox",
      "kind" : "remoteSourceControl",
      "location" : "https://github.com/Boris-Em/BEMCheckBox",
      "state" : {
        "branch" : "master",
        "revision" : "a3292ebae9f0c2737b0c90281219dced2ce51ac8"
      }
    },
    {
      "identity" : "reusable",
      "kind" : "remoteSourceControl",
      "location" : "https://github.com/AliSoftware/Reusable",
      "state" : {
        "revision" : "18674709421360e210c2ecd4e8e08b217d4ea61d",
        "version" : "4.1.2"
      }
    }
  ],
  "version" : 2
}
